{
  "name": "public-choice",
  "version": "0.0.7",
  "lockfileVersion": 1,
  "requires": true,
  "dependencies": {
    "@google-web-components/google-chart": {
      "version": "3.0.4",
      "resolved": "https://registry.npmjs.org/@google-web-components/google-chart/-/google-chart-3.0.4.tgz",
      "integrity": "sha512-1KSZX4SrWT929tfR8LEpeRdPbBjiieTA8mxn6d/M395zlkwmKfaYOMmYMOA6E00Y3gOhgYEG3SLI+Tm1Ll1oqw==",
      "requires": {
        "@polymer/iron-ajax": "^3.0.0-pre.18",
        "@polymer/polymer": "^3.0.0"
      }
    },
    "@polymer/iron-ajax": {
      "version": "3.0.1",
      "resolved": "https://registry.npmjs.org/@polymer/iron-ajax/-/iron-ajax-3.0.1.tgz",
      "integrity": "sha512-7+TPEAfWsRdhj1Y8UeF1759ktpVu+c3sG16rJiUC3wF9+woQ9xI1zUm2d59i7Yc3aDEJrR/Q8Y262KlOvyGVNg==",
      "requires": {
        "@polymer/polymer": "^3.0.0"
      }
    },
    "@polymer/polymer": {
      "version": "3.2.0",
      "resolved": "https://registry.npmjs.org/@polymer/polymer/-/polymer-3.2.0.tgz",
      "integrity": "sha512-L6uV1oM6T6xbwbVx6t3biG5T2VSSB03LxnIrUd9M2pr6RkHVPFHJ37pC5MUwBAEhkGFJif7eks7fdMMSGZTeEQ==",
      "requires": {
        "@webcomponents/shadycss": "^1.8.0"
      }
    },
    "@webcomponents/shadycss": {
      "version": "1.9.1",
      "resolved": "https://registry.npmjs.org/@webcomponents/shadycss/-/shadycss-1.9.1.tgz",
      "integrity": "sha512-IaZOnWOKXHghqk/WfPNDRIgDBi3RsVPY2IFAw6tYiL9UBGvQRy5R6uC+Fk7qTZsReTJ0xh5MTT8yAcb3MUR4mQ=="
    },
    "event-switch": {
      "version": "0.0.12",
      "resolved": "https://registry.npmjs.org/event-switch/-/event-switch-0.0.12.tgz",
      "integrity": "sha512-T4ZNewAhMsLkurklQwzznYsz7MHqhriwZHxYFLRHY+TfIbSTAOoB1IO4QibezD2D7HEdQnIb99v+eSV2N4KIbg=="
    },
    "idb-keyval": {
      "version": "3.2.0",
      "resolved": "https://registry.npmjs.org/idb-keyval/-/idb-keyval-3.2.0.tgz",
      "integrity": "sha512-slx8Q6oywCCSfKgPgL0sEsXtPVnSbTLWpyiDcu6msHOyKOLari1TD1qocXVCft80umnkk3/Qqh3lwoFt8T/BPQ=="
    },
    "if-diff": {
      "version": "0.0.24",
      "resolved": "https://registry.npmjs.org/if-diff/-/if-diff-0.0.24.tgz",
      "integrity": "sha512-4BxbNDXcmz6mY++cLMsY0M9ZjnjmQAazwbojlzMt0Z7DuNEv81uqg+dteqaBG1kPNQpxvk0TZ34krWTUL6cpXw==",
      "requires": {
        "trans-render": "0.0.106",
        "xtal-element": "0.0.56"
      }
    },
    "p-d.p-u": {
      "version": "0.0.117",
      "resolved": "https://registry.npmjs.org/p-d.p-u/-/p-d.p-u-0.0.117.tgz",
      "integrity": "sha512-3l9OTFEUS25HZl8vPZNwBkzIXzWPFMUmfqK8wNONTZlwx1j6wW02ksxwPJQsE8NxV9ItItXBfCFvGcNqjWXjSQ==",
      "requires": {
        "trans-render": "0.0.106",
        "xtal-element": "0.0.56"
      }
    },
    "purr-sist": {
      "version": "0.0.52",
      "resolved": "https://registry.npmjs.org/purr-sist/-/purr-sist-0.0.52.tgz",
      "integrity": "sha512-O0QqLpCqHns/lsmNS2BRqd3EFLielaZiwPP19z/jGdbjy/FxZXYrd4r8dNUtoZNV4PJWL7Zu3TConF8VAZVfSg==",
      "requires": {
        "idb-keyval": "3.2.0",
        "trans-render": "0.0.106",
        "xtal-element": "0.0.56"
      }
    },
    "trans-render": {
      "version": "0.0.106",
      "resolved": "https://registry.npmjs.org/trans-render/-/trans-render-0.0.106.tgz",
      "integrity": "sha512-F5gd/Tf2mLljHbW4EfZ1PrVjnFxo3WmBlDF9R2zlcrw2EKu99bzsoizWJ5HZWjbXA2k//I8NHpMM+CPvQEhjzw=="
    },
    "xtal-element": {
      "version": "0.0.56",
      "resolved": "https://registry.npmjs.org/xtal-element/-/xtal-element-0.0.56.tgz",
      "integrity": "sha512-RgLHjqZCSHoF4YFyxFIzZubbwyTfjb6dEu42Ft/VIgazSSN2wNl3vdicos7V+Ron96b/kL4O3ypbsGRSJWBESw==",
      "requires": {
        "event-switch": "0.0.12",
        "trans-render": "0.0.106"
      }
    },
    "xtal-material": {
      "version": "0.0.59",
      "resolved": "https://registry.npmjs.org/xtal-material/-/xtal-material-0.0.59.tgz",
      "integrity": "sha512-d0YDOfV6EPTmXzo3w08c3QwvCxgcm7FEtx1y/Lu49MNogAMBohvYXlpfCrcWVr0B3F4hLNDfhemrfoDIjE8RPg==",
      "requires": {
        "event-switch": "0.0.12",
        "trans-render": "0.0.102",
        "xtal-element": "0.0.54"
      },
      "dependencies": {
        "trans-render": {
          "version": "0.0.102",
          "resolved": "https://registry.npmjs.org/trans-render/-/trans-render-0.0.102.tgz",
          "integrity": "sha512-CAmydY52uHeMkHtw1ILCPmeoPt5tO8IO7ldgnrvusuHgYdCXxWudGZEZXrvQauew/jst+gb2RkzCUGWWWFkbwQ=="
        },
        "xtal-element": {
          "version": "0.0.54",
          "resolved": "https://registry.npmjs.org/xtal-element/-/xtal-element-0.0.54.tgz",
          "integrity": "sha512-y0lXAu/1aCnPoT0UdOx1fDQT5/tKX0I8XlEgpvXVmoi9BMV+egIzeHE20yb7mlPRRE4AoKaCljsVYxreYCgjWg==",
          "requires": {
            "event-switch": "0.0.12",
            "trans-render": "0.0.102"
          }
        }
      }
    }
  }
}
