{
  "name": "public-choice",
  "version": "0.0.0",
  "lockfileVersion": 1,
  "requires": true,
  "dependencies": {
    "event-switch": {
      "version": "0.0.12",
      "resolved": "https://registry.npmjs.org/event-switch/-/event-switch-0.0.12.tgz",
      "integrity": "sha512-T4ZNewAhMsLkurklQwzznYsz7MHqhriwZHxYFLRHY+TfIbSTAOoB1IO4QibezD2D7HEdQnIb99v+eSV2N4KIbg=="
    },
    "frappe-charts": {
      "version": "1.1.0",
      "resolved": "https://registry.npmjs.org/frappe-charts/-/frappe-charts-1.1.0.tgz",
      "integrity": "sha512-YcmIxMRmWW+DcjTcOhFVx/bs752WN4dEV7I6mos/z1U9k0OjQ+VtaCFCXyVvP4K1a86rfGT3tbgEDbaSkF9a8Q=="
    },
    "idb-keyval": {
      "version": "3.1.0",
      "resolved": "https://registry.npmjs.org/idb-keyval/-/idb-keyval-3.1.0.tgz",
      "integrity": "sha512-iFwFN5n00KNNnVxlOOK280SJJfXWY7pbMUOQXdIXehvvc/mGCV/6T2Ae+Pk2KwAkkATDTwfMavOiDH5lrJKWXQ=="
    },
    "p-d.p-u": {
      "version": "0.0.110",
      "resolved": "https://registry.npmjs.org/p-d.p-u/-/p-d.p-u-0.0.110.tgz",
      "integrity": "sha512-OvRCbHLp0/hbilPsJIu0QeSU3VQOlw7fGPmz/tDeh1k6RJBeznC0ckSRQvpBSqzuPrhYqvLQc34NJJBBvPv6tQ==",
      "requires": {
        "xtal-element": "0.0.37"
      },
      "dependencies": {
        "trans-render": {
          "version": "0.0.82",
          "resolved": "https://registry.npmjs.org/trans-render/-/trans-render-0.0.82.tgz",
          "integrity": "sha512-40tM7Yj9+Re4qN8GUL6ejjTWljgMMhNH4IpMj996iX92M7QeQVSzeMBLfVjHMJ5Lt6xbyNbuTXa17TmOZAB74g==",
          "requires": {
            "xtal-latx": "0.0.88"
          }
        },
        "xtal-element": {
          "version": "0.0.37",
          "resolved": "https://registry.npmjs.org/xtal-element/-/xtal-element-0.0.37.tgz",
          "integrity": "sha512-LfbTdYgMIczBxg+NunHnn8/CGBIfuvl7DDJ6jvN/sZU8F6S6yrHlJQfFrs768pFo4Cttf3uJYdcRraLaKCkFwQ==",
          "requires": {
            "event-switch": "0.0.12",
            "trans-render": "0.0.82"
          }
        }
      }
    },
    "purr-sist": {
      "version": "0.0.38",
      "resolved": "https://registry.npmjs.org/purr-sist/-/purr-sist-0.0.38.tgz",
      "integrity": "sha512-9aW6MTJNVQ18teUTgdK1RjVtiOHbt6qhDpC0JTrWH3F8oLJThs87NqDlul1CJGxrCzN5fSOt8okZTiDBqe/9XA==",
      "requires": {
        "idb-keyval": "3.1.0",
        "xtal-element": "0.0.42"
      }
    },
    "trans-render": {
      "version": "0.0.87",
      "resolved": "https://registry.npmjs.org/trans-render/-/trans-render-0.0.87.tgz",
      "integrity": "sha512-RoGHXX3njvk1ynMRNmFSqPObEH1EvAPYzkabI7uOpvSsOE/SOSyfN5/X6oaeutCZ6bHhYnyDazhKvQDd+OM+4A==",
      "requires": {
        "xtal-latx": "0.0.88"
      }
    },
    "xtal-element": {
      "version": "0.0.42",
      "resolved": "https://registry.npmjs.org/xtal-element/-/xtal-element-0.0.42.tgz",
      "integrity": "sha512-glN8PsUjKSf2J73hEvkIjJjSHtIbnKdPV7P++Ds+RoAZVpjNB+J9pvfS2xxFKVMh3CQrjCxJ6Eri888/yxouCQ==",
      "requires": {
        "event-switch": "0.0.12",
        "trans-render": "0.0.84"
      },
      "dependencies": {
        "trans-render": {
          "version": "0.0.84",
          "resolved": "https://registry.npmjs.org/trans-render/-/trans-render-0.0.84.tgz",
          "integrity": "sha512-G0xOG0feyRtdL5xH70uU1G/rzRERoyRGrIo/V4+WMf47H7zEIjSfsxVSlPGcMXl5rGsP8PHaNKHQ7TKLvG9aoQ==",
          "requires": {
            "xtal-latx": "0.0.88"
          }
        }
      }
    },
    "xtal-frappe-chart": {
      "version": "0.0.22",
      "resolved": "https://registry.npmjs.org/xtal-frappe-chart/-/xtal-frappe-chart-0.0.22.tgz",
      "integrity": "sha512-bf5TIbafxcvaXhQlBimVQW9wMmu4ZgR70qhJ0fsjIWpJFekZ3tiKVk1Eo9L07naEskFRUX9hyhPnGC2BRl+34w==",
      "requires": {
        "frappe-charts": "1.1.0",
        "xtal-element": "0.0.42"
      }
    },
    "xtal-latx": {
      "version": "0.0.88",
      "resolved": "https://registry.npmjs.org/xtal-latx/-/xtal-latx-0.0.88.tgz",
      "integrity": "sha512-zkfvHGGKR5EeNbHKp5oMhNc9a8tl/IoxsxMlRqgEHjZ7rPW1zZFHn6Zdnhbq1NdWVVPhcw+9CbH/+5g+gExPjg=="
    },
    "xtal-material": {
      "version": "0.0.56",
      "resolved": "https://registry.npmjs.org/xtal-material/-/xtal-material-0.0.56.tgz",
      "integrity": "sha512-I1Y0fOYYHSA7fGo6w6Clkf2BsNQjr4srJodRWzjBitMYUfQ9luhJg9keMs+b1cvdFcYWY6A4iIBsBo9EwtgZoQ==",
      "requires": {
        "event-switch": "0.0.12",
        "trans-render": "0.0.84",
        "xtal-element": "0.0.42"
      },
      "dependencies": {
        "trans-render": {
          "version": "0.0.84",
          "resolved": "https://registry.npmjs.org/trans-render/-/trans-render-0.0.84.tgz",
          "integrity": "sha512-G0xOG0feyRtdL5xH70uU1G/rzRERoyRGrIo/V4+WMf47H7zEIjSfsxVSlPGcMXl5rGsP8PHaNKHQ7TKLvG9aoQ==",
          "requires": {
            "xtal-latx": "0.0.88"
          }
        }
      }
    }
  }
}
